Microsoft Visual Studio Solution File, Format Version 12.00
# Visual Studio Version 17
VisualStudioVersion = 17.5.2.0
MinimumVisualStudioVersion = 10.0.40219.1
Project("{FAE04EC0-301F-11D3-BF4B-00C04F79EFBC}") = "Jaina", "Jaina.csproj", "{6A49E4D2-8EA3-BDAF-EDF7-A884DCF5F116}"
EndProject
Global
	GlobalSection(SolutionConfigurationPlatforms) = preSolution
		Debug|Any CPU = Debug|Any CPU
		Release|Any CPU = Release|Any CPU
	EndGlobalSection
	GlobalSection(ProjectConfigurationPlatforms) = postSolution
		{6A49E4D2-8EA3-BDAF-EDF7-A884DCF5F116}.Debug|Any CPU.ActiveCfg = Debug|Any CPU
		{6A49E4D2-8EA3-BDAF-EDF7-A884DCF5F116}.Debug|Any CPU.Build.0 = Debug|Any CPU
		{6A49E4D2-8EA3-BDAF-EDF7-A884DCF5F116}.Release|Any CPU.ActiveCfg = Release|Any CPU
		{6A49E4D2-8EA3-BDAF-EDF7-A884DCF5F116}.Release|Any CPU.Build.0 = Release|Any CPU
	EndGlobalSection
	GlobalSection(SolutionProperties) = preSolution
		HideSolutionNode = FALSE
	EndGlobalSection
	GlobalSection(ExtensibilityGlobals) = postSolution
		SolutionGuid = {2B87A2D8-EB42-4F4A-B975-9C0F561EDF60}
	EndGlobalSection
EndGlobal
